<?xml version="1.0" encoding="utf-8"?>
<Project ToolsVersion="4.0" xmlns="http://schemas.microsoft.com/developer/msbuild/2003">
  <ItemGroup>
    <Filter Include="StreamingVB">
      <UniqueIdentifier>{a72ba286-a6c1-4d9b-9a6d-9d909454275c}</UniqueIdentifier>
    </Filter>
    <Filter Include="Cubes">
      <UniqueIdentifier>{4c017367-7076-478c-841c-5e83f51820d0}</UniqueIdentifier>
    </Filter>
    <Filter Include="Gfx">
      <UniqueIdentifier>{5a395c9f-7946-4905-9039-a07fd8fdc73b}</UniqueIdentifier>
    </Filter>
    <Filter Include="Framework">
      <UniqueIdentifier>{93995380-89BD-4b04-88EB-625FBE52EBFB}</UniqueIdentifier>
      <Extensions>h;hh;hpp;hxx;hm;inl;inc;xsd</Extensions>
    </Filter>
    <Filter Include="Textures">
      <UniqueIdentifier>{178dbcb1-a45d-4178-9c30-d4ba12cc93fc}</UniqueIdentifier>
    </Filter>
  </ItemGroup>
  <ItemGroup>
    <ClInclude Include="console.h">
      <Filter>Framework</Filter>
    </ClInclude>
    <ClInclude Include="timer.h">
      <Filter>Framework</Filter>
    </ClInclude>
    <ClInclude Include="cubes_gl_uniform.h">
      <Filter>Cubes</Filter>
    </ClInclude>
    <ClInclude Include="streaming_vb_dx11.h">
      <Filter>StreamingVB</Filter>
    </ClInclude>
    <ClInclude Include="streaming_vb_dx11_ps.h">
      <Filter>StreamingVB</Filter>
    </ClInclude>
    <ClInclude Include="streaming_vb_dx11_vs.h">
      <Filter>StreamingVB</Filter>
    </ClInclude>
    <ClInclude Include="streaming_vb_gl.h">
      <Filter>StreamingVB</Filter>
    </ClInclude>
    <ClInclude Include="gfx.h">
      <Filter>Gfx</Filter>
    </ClInclude>
    <ClInclude Include="gfx_dx11.h">
      <Filter>Gfx</Filter>
    </ClInclude>
    <ClInclude Include="gfx_gl.h">
      <Filter>Gfx</Filter>
    </ClInclude>
    <ClInclude Include="wgl.h">
      <Filter>Gfx</Filter>
    </ClInclude>
    <ClInclude Include="mathlib.h">
      <Filter>Framework</Filter>
    </ClInclude>
    <ClInclude Include="cubes_gl_dynamic_buffer.h">
      <Filter>Cubes</Filter>
    </ClInclude>
    <ClInclude Include="cubes_gl_buffer_range.h">
      <Filter>Cubes</Filter>
    </ClInclude>
    <ClInclude Include="cubes_gl_tex_coord.h">
      <Filter>Cubes</Filter>
    </ClInclude>
    <ClInclude Include="cubes_gl_multi_draw.h">
      <Filter>Cubes</Filter>
    </ClInclude>
    <ClInclude Include="cubes_gl_buffer_storage.h">
      <Filter>Cubes</Filter>
    </ClInclude>
    <ClInclude Include="cubes_gl_bindless.h">
      <Filter>Cubes</Filter>
    </ClInclude>
    <ClInclude Include="cubes_gl_bindless_indirect.h">
      <Filter>Cubes</Filter>
    </ClInclude>
    <ClInclude Include="textures_gl_forward.h">
      <Filter>Textures</Filter>
    </ClInclude>
    <ClInclude Include="dds_helper.h">
      <Filter>Framework</Filter>
    </ClInclude>
    <ClInclude Include="textures_gl_bindless.h">
      <Filter>Textures</Filter>
    </ClInclude>
    <ClInclude Include="textures_gl_sparse_bindless_texture_array.h">
      <Filter>Textures</Filter>
    </ClInclude>
    <ClInclude Include="sparse_bindless_texarray.h">
      <Filter>Gfx</Filter>
    </ClInclude>
  </ItemGroup>
  <ItemGroup>
    <ClCompile Include="api_speed_test.cpp">
      <Filter>Framework</Filter>
    </ClCompile>
    <ClCompile Include="console.cpp">
      <Filter>Framework</Filter>
    </ClCompile>
    <ClCompile Include="cubes_gl_uniform.cpp">
      <Filter>Cubes</Filter>
    </ClCompile>
    <ClCompile Include="gfx_dx11.cpp">
      <Filter>Gfx</Filter>
    </ClCompile>
    <ClCompile Include="gfx_gl.cpp">
      <Filter>Gfx</Filter>
    </ClCompile>
    <ClCompile Include="streaming_vb_dx11.cpp">
      <Filter>StreamingVB</Filter>
    </ClCompile>
    <ClCompile Include="streaming_vb_gl.cpp">
      <Filter>StreamingVB</Filter>
    </ClCompile>
    <ClCompile Include="timer.cpp">
      <Filter>Framework</Filter>
    </ClCompile>
    <ClCompile Include="wgl.cpp">
      <Filter>Gfx</Filter>
    </ClCompile>
    <ClCompile Include="cubes_gl_dynamic_buffer.cpp">
      <Filter>Cubes</Filter>
    </ClCompile>
    <ClCompile Include="cubes_gl_buffer_range.cpp">
      <Filter>Cubes</Filter>
    </ClCompile>
    <ClCompile Include="cubes_gl_tex_coord.cpp">
      <Filter>Cubes</Filter>
    </ClCompile>
    <ClCompile Include="cubes_gl_multi_draw.cpp">
      <Filter>Cubes</Filter>
    </ClCompile>
    <ClCompile Include="cubes_gl_buffer_storage.cpp">
      <Filter>Cubes</Filter>
    </ClCompile>
    <ClCompile Include="cubes_gl_bindless.cpp">
      <Filter>Cubes</Filter>
    </ClCompile>
    <ClCompile Include="cubes_gl_bindless_indirect.cpp">
      <Filter>Cubes</Filter>
    </ClCompile>
    <ClCompile Include="textures_gl_forward.cpp">
      <Filter>Textures</Filter>
    </ClCompile>
    <ClCompile Include="textures_gl_bindless.cpp">
      <Filter>Textures</Filter>
    </ClCompile>
    <ClCompile Include="textures_gl_sparse_bindless_texture_array.cpp">
      <Filter>Textures</Filter>
    </ClCompile>
    <ClCompile Include="sparse_bindless_texarray.cpp">
      <Filter>Gfx</Filter>
    </ClCompile>
  </ItemGroup>
  <ItemGroup>
    <None Include="streaming_vb_gl_fs.glsl">
      <Filter>StreamingVB</Filter>
    </None>
    <None Include="streaming_vb_gl_vs.glsl">
      <Filter>StreamingVB</Filter>
    </None>
    <None Include="cubes_gl_uniform_fs.glsl">
      <Filter>Cubes</Filter>
    </None>
    <None Include="cubes_gl_uniform_vs.glsl">
      <Filter>Cubes</Filter>
    </None>
    <None Include="cubes_gl_dynamic_buffer_fs.glsl">
      <Filter>Cubes</Filter>
    </None>
    <None Include="cubes_gl_dynamic_buffer_vs.glsl">
      <Filter>Cubes</Filter>
    </None>
    <None Include="cubes_gl_buffer_range_fs.glsl">
      <Filter>Cubes</Filter>
    </None>
    <None Include="cubes_gl_buffer_range_vs.glsl">
      <Filter>Cubes</Filter>
    </None>
    <None Include="cubes_gl_tex_coord_fs.glsl">
      <Filter>Cubes</Filter>
    </None>
    <None Include="cubes_gl_tex_coord_vs.glsl">
      <Filter>Cubes</Filter>
    </None>
    <None Include="cubes_gl_multi_draw_fs.glsl">
      <Filter>Cubes</Filter>
    </None>
    <None Include="cubes_gl_multi_draw_vs.glsl">
      <Filter>Cubes</Filter>
    </None>
    <None Include="cubes_gl_buffer_storage_fs.glsl">
      <Filter>Cubes</Filter>
    </None>
    <None Include="cubes_gl_buffer_storage_vs.glsl">
      <Filter>Cubes</Filter>
    </None>
    <None Include="cubes_gl_bindless_vs.glsl">
      <Filter>Cubes</Filter>
    </None>
    <None Include="cubes_gl_bindless_fs.glsl">
      <Filter>Cubes</Filter>
    </None>
    <None Include="cubes_gl_bindless_indirect_fs.glsl">
      <Filter>Cubes</Filter>
    </None>
    <None Include="cubes_gl_bindless_indirect_vs.glsl">
      <Filter>Cubes</Filter>
    </None>
    <None Include="textures_gl_forward_fs.glsl">
      <Filter>Textures</Filter>
    </None>
    <None Include="textures_gl_forward_vs.glsl">
      <Filter>Textures</Filter>
    </None>
    <None Include="textures_gl_bindless_fs.glsl">
      <Filter>Textures</Filter>
    </None>
    <None Include="textures_gl_bindless_vs.glsl">
      <Filter>Textures</Filter>
    </None>
    <None Include="textures_gl_sparse_bindless_texture_array_fs.glsl">
      <Filter>Textures</Filter>
    </None>
    <None Include="textures_gl_sparse_bindless_texture_array_vs.glsl">
      <Filter>Textures</Filter>
    </None>
  </ItemGroup>
</Project>